
Microsoft Visual Studio Solution File, Format Version 11.00
# Visual Studio 2010
Project("{FAE04EC0-301F-11D3-BF4B-00C04F79EFBC}") = "Frontend", "Frontend\Frontend.csproj", "{866A503C-6D2A-430E-B1D2-AC4325BA93ED}"
EndProject
Project("{2150E333-8FDC-42A3-9474-1A3956D46DE8}") = "Data", "Data", "{062BFFA4-E64F-4FC7-9C29-E7E478E8E49E}"
EndProject
Project("{FAE04EC0-301F-11D3-BF4B-00C04F79EFBC}") = "Data.Model", "Data\Data.Model\Data.Model.csproj", "{88B06194-D4B3-4504-B688-6314D5D7FE18}"
EndProject
Project("{FAE04EC0-301F-11D3-BF4B-00C04F79EFBC}") = "Data.Repositories", "Data\Data.Repositories\Data.Repositories.csproj", "{3C778D2D-88DA-4EC4-A637-E7FE298F75FE}"
EndProject
Project("{FAE04EC0-301F-11D3-BF4B-00C04F79EFBC}") = "Data.Services", "Data\Data.Services\Data.Services.csproj", "{437DF1D4-B06C-48C8-AC92-E18FAB8ABBF5}"
EndProject
Project("{FAE04EC0-301F-11D3-BF4B-00C04F79EFBC}") = "Data.Repositories.Infrastructure", "Data\Data.Repositories.Infrastructure\Data.Repositories.Infrastructure.csproj", "{1FC3176B-A5DD-4626-B0B3-E6599B138B57}"
EndProject
Project("{FAE04EC0-301F-11D3-BF4B-00C04F79EFBC}") = "Data.Repositories.Tests", "Data\Data.Repositories.Tests\Data.Repositories.Tests.csproj", "{31EE08FA-D22B-4FF3-AF38-5C09C757234D}"
EndProject
Project("{FAE04EC0-301F-11D3-BF4B-00C04F79EFBC}") = "Data.Services.Tests", "Data\Data.Services.Tests\Data.Services.Tests.csproj", "{B386F5A3-D586-41D3-A7C1-214C4E514F31}"
EndProject
Project("{FAE04EC0-301F-11D3-BF4B-00C04F79EFBC}") = "Screenshots.BetScreenshotsManager", "Screenshots\BetScreenshotsManager\Screenshots.BetScreenshotsManager.csproj", "{668A5B28-216A-4DA8-9B58-BB904B9C0472}"
EndProject
Project("{FAE04EC0-301F-11D3-BF4B-00C04F79EFBC}") = "Configuration", "Configuration\Configuration.csproj", "{A7C451BA-6138-489D-B91C-D66DF03BE3D3}"
EndProject
Project("{FAE04EC0-301F-11D3-BF4B-00C04F79EFBC}") = "Frontend.Tests", "Frontend.Tests\Frontend.Tests.csproj", "{52BC08AD-7EBF-415D-8EC1-D34976D4C3FE}"
EndProject
Project("{2150E333-8FDC-42A3-9474-1A3956D46DE8}") = "Schreenshots", "Schreenshots", "{1D37F9D7-C5AB-4F20-B027-C24E6C4AFBF9}"
EndProject
Project("{FAE04EC0-301F-11D3-BF4B-00C04F79EFBC}") = "Screenshots.Gui", "Screenshots\Gui\Screenshots.Gui.csproj", "{B1F6BE11-C141-453F-A302-CD0C543C4820}"
EndProject
Project("{FAE04EC0-301F-11D3-BF4B-00C04F79EFBC}") = "Screenshots.Gui.Tests", "Screenshots\Gui.Tests\Screenshots.Gui.Tests.csproj", "{4126E87A-FDD0-4AC9-813F-9D752631071B}"
EndProject
Project("{FAE04EC0-301F-11D3-BF4B-00C04F79EFBC}") = "Screenshots.AwesomiumScreenshotMaker", "Screenshots\AwesomiumScreenshotMaker\Screenshots.AwesomiumScreenshotMaker.csproj", "{7F6CC474-040D-4A51-BF99-12C0B2A0C014}"
EndProject
Project("{FAE04EC0-301F-11D3-BF4B-00C04F79EFBC}") = "Screenshots.AmazonS3", "Screenshots\AmazonS3\Screenshots.AmazonS3.csproj", "{343976EF-889A-4A32-8135-EBF2A96C38F6}"
EndProject
Global
	GlobalSection(SolutionConfigurationPlatforms) = preSolution
		Debug|Any CPU = Debug|Any CPU
		Debug|Mixed Platforms = Debug|Mixed Platforms
		Debug|x86 = Debug|x86
		Release|Any CPU = Release|Any CPU
		Release|Mixed Platforms = Release|Mixed Platforms
		Release|x86 = Release|x86
	EndGlobalSection
	GlobalSection(ProjectConfigurationPlatforms) = postSolution
		{866A503C-6D2A-430E-B1D2-AC4325BA93ED}.Debug|Any CPU.ActiveCfg = Debug|Any CPU
		{866A503C-6D2A-430E-B1D2-AC4325BA93ED}.Debug|Any CPU.Build.0 = Debug|Any CPU
		{866A503C-6D2A-430E-B1D2-AC4325BA93ED}.Debug|Mixed Platforms.ActiveCfg = Debug|Any CPU
		{866A503C-6D2A-430E-B1D2-AC4325BA93ED}.Debug|Mixed Platforms.Build.0 = Debug|Any CPU
		{866A503C-6D2A-430E-B1D2-AC4325BA93ED}.Debug|x86.ActiveCfg = Debug|Any CPU
		{866A503C-6D2A-430E-B1D2-AC4325BA93ED}.Release|Any CPU.ActiveCfg = Release|Any CPU
		{866A503C-6D2A-430E-B1D2-AC4325BA93ED}.Release|Any CPU.Build.0 = Release|Any CPU
		{866A503C-6D2A-430E-B1D2-AC4325BA93ED}.Release|Mixed Platforms.ActiveCfg = Release|Any CPU
		{866A503C-6D2A-430E-B1D2-AC4325BA93ED}.Release|Mixed Platforms.Build.0 = Release|Any CPU
		{866A503C-6D2A-430E-B1D2-AC4325BA93ED}.Release|x86.ActiveCfg = Release|Any CPU
		{88B06194-D4B3-4504-B688-6314D5D7FE18}.Debug|Any CPU.ActiveCfg = Debug|Any CPU
		{88B06194-D4B3-4504-B688-6314D5D7FE18}.Debug|Any CPU.Build.0 = Debug|Any CPU
		{88B06194-D4B3-4504-B688-6314D5D7FE18}.Debug|Mixed Platforms.ActiveCfg = Debug|Any CPU
		{88B06194-D4B3-4504-B688-6314D5D7FE18}.Debug|Mixed Platforms.Build.0 = Debug|Any CPU
		{88B06194-D4B3-4504-B688-6314D5D7FE18}.Debug|x86.ActiveCfg = Debug|Any CPU
		{88B06194-D4B3-4504-B688-6314D5D7FE18}.Release|Any CPU.ActiveCfg = Release|Any CPU
		{88B06194-D4B3-4504-B688-6314D5D7FE18}.Release|Any CPU.Build.0 = Release|Any CPU
		{88B06194-D4B3-4504-B688-6314D5D7FE18}.Release|Mixed Platforms.ActiveCfg = Release|Any CPU
		{88B06194-D4B3-4504-B688-6314D5D7FE18}.Release|Mixed Platforms.Build.0 = Release|Any CPU
		{88B06194-D4B3-4504-B688-6314D5D7FE18}.Release|x86.ActiveCfg = Release|Any CPU
		{3C778D2D-88DA-4EC4-A637-E7FE298F75FE}.Debug|Any CPU.ActiveCfg = Debug|Any CPU
		{3C778D2D-88DA-4EC4-A637-E7FE298F75FE}.Debug|Any CPU.Build.0 = Debug|Any CPU
		{3C778D2D-88DA-4EC4-A637-E7FE298F75FE}.Debug|Mixed Platforms.ActiveCfg = Debug|Any CPU
		{3C778D2D-88DA-4EC4-A637-E7FE298F75FE}.Debug|Mixed Platforms.Build.0 = Debug|Any CPU
		{3C778D2D-88DA-4EC4-A637-E7FE298F75FE}.Debug|x86.ActiveCfg = Debug|Any CPU
		{3C778D2D-88DA-4EC4-A637-E7FE298F75FE}.Release|Any CPU.ActiveCfg = Release|Any CPU
		{3C778D2D-88DA-4EC4-A637-E7FE298F75FE}.Release|Any CPU.Build.0 = Release|Any CPU
		{3C778D2D-88DA-4EC4-A637-E7FE298F75FE}.Release|Mixed Platforms.ActiveCfg = Release|Any CPU
		{3C778D2D-88DA-4EC4-A637-E7FE298F75FE}.Release|Mixed Platforms.Build.0 = Release|Any CPU
		{3C778D2D-88DA-4EC4-A637-E7FE298F75FE}.Release|x86.ActiveCfg = Release|Any CPU
		{437DF1D4-B06C-48C8-AC92-E18FAB8ABBF5}.Debug|Any CPU.ActiveCfg = Debug|Any CPU
		{437DF1D4-B06C-48C8-AC92-E18FAB8ABBF5}.Debug|Any CPU.Build.0 = Debug|Any CPU
		{437DF1D4-B06C-48C8-AC92-E18FAB8ABBF5}.Debug|Mixed Platforms.ActiveCfg = Debug|Any CPU
		{437DF1D4-B06C-48C8-AC92-E18FAB8ABBF5}.Debug|Mixed Platforms.Build.0 = Debug|Any CPU
		{437DF1D4-B06C-48C8-AC92-E18FAB8ABBF5}.Debug|x86.ActiveCfg = Debug|Any CPU
		{437DF1D4-B06C-48C8-AC92-E18FAB8ABBF5}.Release|Any CPU.ActiveCfg = Release|Any CPU
		{437DF1D4-B06C-48C8-AC92-E18FAB8ABBF5}.Release|Any CPU.Build.0 = Release|Any CPU
		{437DF1D4-B06C-48C8-AC92-E18FAB8ABBF5}.Release|Mixed Platforms.ActiveCfg = Release|Any CPU
		{437DF1D4-B06C-48C8-AC92-E18FAB8ABBF5}.Release|Mixed Platforms.Build.0 = Release|Any CPU
		{437DF1D4-B06C-48C8-AC92-E18FAB8ABBF5}.Release|x86.ActiveCfg = Release|Any CPU
		{1FC3176B-A5DD-4626-B0B3-E6599B138B57}.Debug|Any CPU.ActiveCfg = Debug|Any CPU
		{1FC3176B-A5DD-4626-B0B3-E6599B138B57}.Debug|Any CPU.Build.0 = Debug|Any CPU
		{1FC3176B-A5DD-4626-B0B3-E6599B138B57}.Debug|Mixed Platforms.ActiveCfg = Debug|Any CPU
		{1FC3176B-A5DD-4626-B0B3-E6599B138B57}.Debug|Mixed Platforms.Build.0 = Debug|Any CPU
		{1FC3176B-A5DD-4626-B0B3-E6599B138B57}.Debug|x86.ActiveCfg = Debug|Any CPU
		{1FC3176B-A5DD-4626-B0B3-E6599B138B57}.Release|Any CPU.ActiveCfg = Release|Any CPU
		{1FC3176B-A5DD-4626-B0B3-E6599B138B57}.Release|Any CPU.Build.0 = Release|Any CPU
		{1FC3176B-A5DD-4626-B0B3-E6599B138B57}.Release|Mixed Platforms.ActiveCfg = Release|Any CPU
		{1FC3176B-A5DD-4626-B0B3-E6599B138B57}.Release|Mixed Platforms.Build.0 = Release|Any CPU
		{1FC3176B-A5DD-4626-B0B3-E6599B138B57}.Release|x86.ActiveCfg = Release|Any CPU
		{31EE08FA-D22B-4FF3-AF38-5C09C757234D}.Debug|Any CPU.ActiveCfg = Debug|Any CPU
		{31EE08FA-D22B-4FF3-AF38-5C09C757234D}.Debug|Any CPU.Build.0 = Debug|Any CPU
		{31EE08FA-D22B-4FF3-AF38-5C09C757234D}.Debug|Mixed Platforms.ActiveCfg = Debug|Any CPU
		{31EE08FA-D22B-4FF3-AF38-5C09C757234D}.Debug|Mixed Platforms.Build.0 = Debug|Any CPU
		{31EE08FA-D22B-4FF3-AF38-5C09C757234D}.Debug|x86.ActiveCfg = Debug|Any CPU
		{31EE08FA-D22B-4FF3-AF38-5C09C757234D}.Release|Any CPU.ActiveCfg = Release|Any CPU
		{31EE08FA-D22B-4FF3-AF38-5C09C757234D}.Release|Any CPU.Build.0 = Release|Any CPU
		{31EE08FA-D22B-4FF3-AF38-5C09C757234D}.Release|Mixed Platforms.ActiveCfg = Release|Any CPU
		{31EE08FA-D22B-4FF3-AF38-5C09C757234D}.Release|Mixed Platforms.Build.0 = Release|Any CPU
		{31EE08FA-D22B-4FF3-AF38-5C09C757234D}.Release|x86.ActiveCfg = Release|Any CPU
		{B386F5A3-D586-41D3-A7C1-214C4E514F31}.Debug|Any CPU.ActiveCfg = Debug|Any CPU
		{B386F5A3-D586-41D3-A7C1-214C4E514F31}.Debug|Any CPU.Build.0 = Debug|Any CPU
		{B386F5A3-D586-41D3-A7C1-214C4E514F31}.Debug|Mixed Platforms.ActiveCfg = Debug|Any CPU
		{B386F5A3-D586-41D3-A7C1-214C4E514F31}.Debug|Mixed Platforms.Build.0 = Debug|Any CPU
		{B386F5A3-D586-41D3-A7C1-214C4E514F31}.Debug|x86.ActiveCfg = Debug|Any CPU
		{B386F5A3-D586-41D3-A7C1-214C4E514F31}.Release|Any CPU.ActiveCfg = Release|Any CPU
		{B386F5A3-D586-41D3-A7C1-214C4E514F31}.Release|Any CPU.Build.0 = Release|Any CPU
		{B386F5A3-D586-41D3-A7C1-214C4E514F31}.Release|Mixed Platforms.ActiveCfg = Release|Any CPU
		{B386F5A3-D586-41D3-A7C1-214C4E514F31}.Release|Mixed Platforms.Build.0 = Release|Any CPU
		{B386F5A3-D586-41D3-A7C1-214C4E514F31}.Release|x86.ActiveCfg = Release|Any CPU
		{668A5B28-216A-4DA8-9B58-BB904B9C0472}.Debug|Any CPU.ActiveCfg = Debug|x86
		{668A5B28-216A-4DA8-9B58-BB904B9C0472}.Debug|Mixed Platforms.ActiveCfg = Debug|x86
		{668A5B28-216A-4DA8-9B58-BB904B9C0472}.Debug|Mixed Platforms.Build.0 = Debug|x86
		{668A5B28-216A-4DA8-9B58-BB904B9C0472}.Debug|x86.ActiveCfg = Debug|x86
		{668A5B28-216A-4DA8-9B58-BB904B9C0472}.Debug|x86.Build.0 = Debug|x86
		{668A5B28-216A-4DA8-9B58-BB904B9C0472}.Release|Any CPU.ActiveCfg = Release|x86
		{668A5B28-216A-4DA8-9B58-BB904B9C0472}.Release|Mixed Platforms.ActiveCfg = Release|x86
		{668A5B28-216A-4DA8-9B58-BB904B9C0472}.Release|Mixed Platforms.Build.0 = Release|x86
		{668A5B28-216A-4DA8-9B58-BB904B9C0472}.Release|x86.ActiveCfg = Release|x86
		{668A5B28-216A-4DA8-9B58-BB904B9C0472}.Release|x86.Build.0 = Release|x86
		{A7C451BA-6138-489D-B91C-D66DF03BE3D3}.Debug|Any CPU.ActiveCfg = Debug|Any CPU
		{A7C451BA-6138-489D-B91C-D66DF03BE3D3}.Debug|Any CPU.Build.0 = Debug|Any CPU
		{A7C451BA-6138-489D-B91C-D66DF03BE3D3}.Debug|Mixed Platforms.ActiveCfg = Debug|Any CPU
		{A7C451BA-6138-489D-B91C-D66DF03BE3D3}.Debug|Mixed Platforms.Build.0 = Debug|Any CPU
		{A7C451BA-6138-489D-B91C-D66DF03BE3D3}.Debug|x86.ActiveCfg = Debug|Any CPU
		{A7C451BA-6138-489D-B91C-D66DF03BE3D3}.Release|Any CPU.ActiveCfg = Release|Any CPU
		{A7C451BA-6138-489D-B91C-D66DF03BE3D3}.Release|Any CPU.Build.0 = Release|Any CPU
		{A7C451BA-6138-489D-B91C-D66DF03BE3D3}.Release|Mixed Platforms.ActiveCfg = Release|Any CPU
		{A7C451BA-6138-489D-B91C-D66DF03BE3D3}.Release|Mixed Platforms.Build.0 = Release|Any CPU
		{A7C451BA-6138-489D-B91C-D66DF03BE3D3}.Release|x86.ActiveCfg = Release|Any CPU
		{52BC08AD-7EBF-415D-8EC1-D34976D4C3FE}.Debug|Any CPU.ActiveCfg = Debug|Any CPU
		{52BC08AD-7EBF-415D-8EC1-D34976D4C3FE}.Debug|Any CPU.Build.0 = Debug|Any CPU
		{52BC08AD-7EBF-415D-8EC1-D34976D4C3FE}.Debug|Mixed Platforms.ActiveCfg = Debug|Any CPU
		{52BC08AD-7EBF-415D-8EC1-D34976D4C3FE}.Debug|Mixed Platforms.Build.0 = Debug|Any CPU
		{52BC08AD-7EBF-415D-8EC1-D34976D4C3FE}.Debug|x86.ActiveCfg = Debug|Any CPU
		{52BC08AD-7EBF-415D-8EC1-D34976D4C3FE}.Release|Any CPU.ActiveCfg = Release|Any CPU
		{52BC08AD-7EBF-415D-8EC1-D34976D4C3FE}.Release|Any CPU.Build.0 = Release|Any CPU
		{52BC08AD-7EBF-415D-8EC1-D34976D4C3FE}.Release|Mixed Platforms.ActiveCfg = Release|Any CPU
		{52BC08AD-7EBF-415D-8EC1-D34976D4C3FE}.Release|Mixed Platforms.Build.0 = Release|Any CPU
		{52BC08AD-7EBF-415D-8EC1-D34976D4C3FE}.Release|x86.ActiveCfg = Release|Any CPU
		{B1F6BE11-C141-453F-A302-CD0C543C4820}.Debug|Any CPU.ActiveCfg = Debug|Any CPU
		{B1F6BE11-C141-453F-A302-CD0C543C4820}.Debug|Any CPU.Build.0 = Debug|Any CPU
		{B1F6BE11-C141-453F-A302-CD0C543C4820}.Debug|Mixed Platforms.ActiveCfg = Debug|Any CPU
		{B1F6BE11-C141-453F-A302-CD0C543C4820}.Debug|Mixed Platforms.Build.0 = Debug|Any CPU
		{B1F6BE11-C141-453F-A302-CD0C543C4820}.Debug|x86.ActiveCfg = Debug|Any CPU
		{B1F6BE11-C141-453F-A302-CD0C543C4820}.Release|Any CPU.ActiveCfg = Release|Any CPU
		{B1F6BE11-C141-453F-A302-CD0C543C4820}.Release|Any CPU.Build.0 = Release|Any CPU
		{B1F6BE11-C141-453F-A302-CD0C543C4820}.Release|Mixed Platforms.ActiveCfg = Release|Any CPU
		{B1F6BE11-C141-453F-A302-CD0C543C4820}.Release|Mixed Platforms.Build.0 = Release|Any CPU
		{B1F6BE11-C141-453F-A302-CD0C543C4820}.Release|x86.ActiveCfg = Release|Any CPU
		{4126E87A-FDD0-4AC9-813F-9D752631071B}.Debug|Any CPU.ActiveCfg = Debug|Any CPU
		{4126E87A-FDD0-4AC9-813F-9D752631071B}.Debug|Any CPU.Build.0 = Debug|Any CPU
		{4126E87A-FDD0-4AC9-813F-9D752631071B}.Debug|Mixed Platforms.ActiveCfg = Debug|Any CPU
		{4126E87A-FDD0-4AC9-813F-9D752631071B}.Debug|Mixed Platforms.Build.0 = Debug|Any CPU
		{4126E87A-FDD0-4AC9-813F-9D752631071B}.Debug|x86.ActiveCfg = Debug|Any CPU
		{4126E87A-FDD0-4AC9-813F-9D752631071B}.Release|Any CPU.ActiveCfg = Release|Any CPU
		{4126E87A-FDD0-4AC9-813F-9D752631071B}.Release|Any CPU.Build.0 = Release|Any CPU
		{4126E87A-FDD0-4AC9-813F-9D752631071B}.Release|Mixed Platforms.ActiveCfg = Release|Any CPU
		{4126E87A-FDD0-4AC9-813F-9D752631071B}.Release|Mixed Platforms.Build.0 = Release|Any CPU
		{4126E87A-FDD0-4AC9-813F-9D752631071B}.Release|x86.ActiveCfg = Release|Any CPU
		{7F6CC474-040D-4A51-BF99-12C0B2A0C014}.Debug|Any CPU.ActiveCfg = Debug|Any CPU
		{7F6CC474-040D-4A51-BF99-12C0B2A0C014}.Debug|Any CPU.Build.0 = Debug|Any CPU
		{7F6CC474-040D-4A51-BF99-12C0B2A0C014}.Debug|Mixed Platforms.ActiveCfg = Debug|Any CPU
		{7F6CC474-040D-4A51-BF99-12C0B2A0C014}.Debug|Mixed Platforms.Build.0 = Debug|Any CPU
		{7F6CC474-040D-4A51-BF99-12C0B2A0C014}.Debug|x86.ActiveCfg = Debug|Any CPU
		{7F6CC474-040D-4A51-BF99-12C0B2A0C014}.Release|Any CPU.ActiveCfg = Release|Any CPU
		{7F6CC474-040D-4A51-BF99-12C0B2A0C014}.Release|Any CPU.Build.0 = Release|Any CPU
		{7F6CC474-040D-4A51-BF99-12C0B2A0C014}.Release|Mixed Platforms.ActiveCfg = Release|Any CPU
		{7F6CC474-040D-4A51-BF99-12C0B2A0C014}.Release|Mixed Platforms.Build.0 = Release|Any CPU
		{7F6CC474-040D-4A51-BF99-12C0B2A0C014}.Release|x86.ActiveCfg = Release|Any CPU
		{343976EF-889A-4A32-8135-EBF2A96C38F6}.Debug|Any CPU.ActiveCfg = Debug|Any CPU
		{343976EF-889A-4A32-8135-EBF2A96C38F6}.Debug|Any CPU.Build.0 = Debug|Any CPU
		{343976EF-889A-4A32-8135-EBF2A96C38F6}.Debug|Mixed Platforms.ActiveCfg = Debug|Any CPU
		{343976EF-889A-4A32-8135-EBF2A96C38F6}.Debug|Mixed Platforms.Build.0 = Debug|Any CPU
		{343976EF-889A-4A32-8135-EBF2A96C38F6}.Debug|x86.ActiveCfg = Debug|Any CPU
		{343976EF-889A-4A32-8135-EBF2A96C38F6}.Release|Any CPU.ActiveCfg = Release|Any CPU
		{343976EF-889A-4A32-8135-EBF2A96C38F6}.Release|Any CPU.Build.0 = Release|Any CPU
		{343976EF-889A-4A32-8135-EBF2A96C38F6}.Release|Mixed Platforms.ActiveCfg = Release|Any CPU
		{343976EF-889A-4A32-8135-EBF2A96C38F6}.Release|Mixed Platforms.Build.0 = Release|Any CPU
		{343976EF-889A-4A32-8135-EBF2A96C38F6}.Release|x86.ActiveCfg = Release|Any CPU
	EndGlobalSection
	GlobalSection(SolutionProperties) = preSolution
		HideSolutionNode = FALSE
	EndGlobalSection
	GlobalSection(NestedProjects) = preSolution
		{88B06194-D4B3-4504-B688-6314D5D7FE18} = {062BFFA4-E64F-4FC7-9C29-E7E478E8E49E}
		{3C778D2D-88DA-4EC4-A637-E7FE298F75FE} = {062BFFA4-E64F-4FC7-9C29-E7E478E8E49E}
		{437DF1D4-B06C-48C8-AC92-E18FAB8ABBF5} = {062BFFA4-E64F-4FC7-9C29-E7E478E8E49E}
		{1FC3176B-A5DD-4626-B0B3-E6599B138B57} = {062BFFA4-E64F-4FC7-9C29-E7E478E8E49E}
		{31EE08FA-D22B-4FF3-AF38-5C09C757234D} = {062BFFA4-E64F-4FC7-9C29-E7E478E8E49E}
		{B386F5A3-D586-41D3-A7C1-214C4E514F31} = {062BFFA4-E64F-4FC7-9C29-E7E478E8E49E}
		{668A5B28-216A-4DA8-9B58-BB904B9C0472} = {1D37F9D7-C5AB-4F20-B027-C24E6C4AFBF9}
		{B1F6BE11-C141-453F-A302-CD0C543C4820} = {1D37F9D7-C5AB-4F20-B027-C24E6C4AFBF9}
		{4126E87A-FDD0-4AC9-813F-9D752631071B} = {1D37F9D7-C5AB-4F20-B027-C24E6C4AFBF9}
		{7F6CC474-040D-4A51-BF99-12C0B2A0C014} = {1D37F9D7-C5AB-4F20-B027-C24E6C4AFBF9}
		{343976EF-889A-4A32-8135-EBF2A96C38F6} = {1D37F9D7-C5AB-4F20-B027-C24E6C4AFBF9}
	EndGlobalSection
EndGlobal
